
Microsoft Visual Studio Solution File, Format Version 12.00
# Visual Studio Version 17
VisualStudioVersion = 17.0.32014.148
MinimumVisualStudioVersion = 10.0.40219.1
Project("{FAE04EC0-301F-11D3-BF4B-00C04F79EFBC}") = "LibraryDBEvolution", "LibraryDBEvolution.csproj", "{9F30C7D5-0528-42F5-B5C6-8321392E6F0E}"
EndProject
Global
	GlobalSection(SolutionConfigurationPlatforms) = preSolution
		Debug|Any CPU = Debug|Any CPU
		Release|Any CPU = Release|Any CPU
	EndGlobalSection
	GlobalSection(ProjectConfigurationPlatforms) = postSolution
		{9F30C7D5-0528-42F5-B5C6-8321392E6F0E}.Debug|Any CPU.ActiveCfg = Debug|Any CPU
		{9F30C7D5-0528-42F5-B5C6-8321392E6F0E}.Debug|Any CPU.Build.0 = Debug|Any CPU
		{9F30C7D5-0528-42F5-B5C6-8321392E6F0E}.Release|Any CPU.ActiveCfg = Release|Any CPU
		{9F30C7D5-0528-42F5-B5C6-8321392E6F0E}.Release|Any CPU.Build.0 = Release|Any CPU
	EndGlobalSection
	GlobalSection(SolutionProperties) = preSolution
		HideSolutionNode = FALSE
	EndGlobalSection
	GlobalSection(ExtensibilityGlobals) = postSolution
		SolutionGuid = {8F5B972F-1475-4058-BBBA-C70B2789584F}
	EndGlobalSection
EndGlobal
