
Microsoft Visual Studio Solution File, Format Version 12.00
# Visual Studio Version 17
VisualStudioVersion = 17.3.32901.215
MinimumVisualStudioVersion = 10.0.40219.1
Project("{FAE04EC0-301F-11D3-BF4B-00C04F79EFBC}") = "WindowsFormsApp1", "WindowsFormsApp1.csproj", "{2B04C0E9-2FEC-4FD3-B0FD-AD0340FC497E}"
EndProject
Global
	GlobalSection(SolutionConfigurationPlatforms) = preSolution
		Debug|Any CPU = Debug|Any CPU
		Release|Any CPU = Release|Any CPU
	EndGlobalSection
	GlobalSection(ProjectConfigurationPlatforms) = postSolution
		{2B04C0E9-2FEC-4FD3-B0FD-AD0340FC497E}.Debug|Any CPU.ActiveCfg = Debug|Any CPU
		{2B04C0E9-2FEC-4FD3-B0FD-AD0340FC497E}.Debug|Any CPU.Build.0 = Debug|Any CPU
		{2B04C0E9-2FEC-4FD3-B0FD-AD0340FC497E}.Release|Any CPU.ActiveCfg = Release|Any CPU
		{2B04C0E9-2FEC-4FD3-B0FD-AD0340FC497E}.Release|Any CPU.Build.0 = Release|Any CPU
	EndGlobalSection
	GlobalSection(SolutionProperties) = preSolution
		HideSolutionNode = FALSE
	EndGlobalSection
	GlobalSection(ExtensibilityGlobals) = postSolution
		SolutionGuid = {C053D350-8421-4EFC-830E-5927672A66F5}
	EndGlobalSection
EndGlobal
